{
    "name": "nextleveldb-model",
    "version": "0.0.12",
    "lockfileVersion": 1,
    "requires": true,
    "dependencies": {
        "binary-encoding": {
            "version": "0.0.33",
            "resolved": "https://registry.npmjs.org/binary-encoding/-/binary-encoding-0.0.33.tgz",
            "integrity": "sha512-1WaGVhNgnmKpbYb+175qyKq7bBfLgugMLFLd7cjOHBMCFhIBBLy6h/0gJT55erXc2Fw7bWYOTug/zm9dLb1TVw==",
            "requires": {
                "lang-mini": "0.0.1",
                "xas2": "0.0.10"
            }
        },
        "deep-equal": {
            "version": "1.0.1",
            "resolved": "https://registry.npmjs.org/deep-equal/-/deep-equal-1.0.1.tgz",
            "integrity": "sha1-9dJgKStmDghO/0zbyfCK0yR0SLU="
        },
        "lang-mini": {
            "version": "0.0.1",
            "resolved": "https://registry.npmjs.org/lang-mini/-/lang-mini-0.0.1.tgz",
            "integrity": "sha512-q2nMVULjz4gWo3cgvxdWAbmvU2tm1t5w/YSWLQ/Rp2YG9RwVzqKDYgce3UsJ+gIO8JIplk0M1nacNc5MvTrwhA==",
            "requires": {
                "deep-equal": "1.0.1"
            }
        },
        "moment": {
            "version": "2.20.1",
            "resolved": "https://registry.npmjs.org/moment/-/moment-2.20.1.tgz",
            "integrity": "sha512-Yh9y73JRljxW5QxN08Fner68eFLxM5ynNOAw2LbIB1YAGeQzZT8QFSUvkAz609Zf+IHhhaUxqZK8dG3W/+HEvg=="
        },
        "xas2": {
            "version": "0.0.10",
            "resolved": "https://registry.npmjs.org/xas2/-/xas2-0.0.10.tgz",
            "integrity": "sha512-XU1+Yxe95m/yZcJdqjIVn3y+2kzcmBp0oi+aljHZZRnrhdzw58aEc09kW2eJl8/o5dv1hBkxL7GD5xjvLNdn2w=="
        }
    }
}
