{
    "name": "nextleveldb-model",
    "version": "0.0.18",
    "lockfileVersion": 1,
    "requires": true,
    "dependencies": {
        "binary-encoding": {
            "version": "0.0.35",
            "resolved": "https://registry.npmjs.org/binary-encoding/-/binary-encoding-0.0.35.tgz",
            "integrity": "sha512-ZdOVl/IBK0/hJmproKUH8q7NJgLBldhUazbUEpGt4HIqfkSInqdTZWGn0OxNDd3bq/+9xp1ChJKIG6iCmNuCLw==",
            "requires": {
                "lang-mini": "0.0.2",
                "xas2": "0.0.11"
            }
        },
        "deep-equal": {
            "version": "1.0.1",
            "resolved": "https://registry.npmjs.org/deep-equal/-/deep-equal-1.0.1.tgz",
            "integrity": "sha1-9dJgKStmDghO/0zbyfCK0yR0SLU="
        },
        "lang-mini": {
            "version": "0.0.2",
            "resolved": "https://registry.npmjs.org/lang-mini/-/lang-mini-0.0.2.tgz",
            "integrity": "sha512-WyAL0CtJyMooNV5VVu/mPMixlyXYojqexrWoOFYm8nDKEWnLeLVth8oQZj6fBbWxzlbp/s6PWnwke5rz092QEg==",
            "requires": {
                "deep-equal": "1.0.1"
            }
        },
        "moment": {
            "version": "2.20.1",
            "resolved": "https://registry.npmjs.org/moment/-/moment-2.20.1.tgz",
            "integrity": "sha512-Yh9y73JRljxW5QxN08Fner68eFLxM5ynNOAw2LbIB1YAGeQzZT8QFSUvkAz609Zf+IHhhaUxqZK8dG3W/+HEvg=="
        },
        "xas2": {
            "version": "0.0.11",
            "resolved": "https://registry.npmjs.org/xas2/-/xas2-0.0.11.tgz",
            "integrity": "sha512-5l5AFqJEpd9zm43xuKJgcG6SpwFQ9YF/cKvbgLfLQOQuM/V8g9KfKHdNe7LZxcOzekq8Asl6/CszKlwSO/5t7g=="
        }
    }
}
